
Microsoft Visual Studio Solution File, Format Version 12.00
# Visual Studio 15
VisualStudioVersion = 15.0.28010.2046
MinimumVisualStudioVersion = 10.0.40219.1
Project("{FAE04EC0-301F-11D3-BF4B-00C04F79EFBC}") = "nGratis.AI.Kvasir.Client", "Kvasir.Client\nGratis.AI.Kvasir.Client.csproj", "{F1CB3C9E-B4C3-4C94-8CD7-6BA4859454D0}"
EndProject
Project("{2150E333-8FDC-42A3-9474-1A3956D46DE8}") = "Build", "Build", "{2C7AE126-FBD3-43C3-B91F-B2034D4EB611}"
	ProjectSection(SolutionItems) = preProject
		Kvasir.Shared\GlobalAssemblyInfo.tt = Kvasir.Shared\GlobalAssemblyInfo.tt
	EndProjectSection
EndProject
Global
	GlobalSection(SolutionConfigurationPlatforms) = preSolution
		Debug|Any CPU = Debug|Any CPU
		Release|Any CPU = Release|Any CPU
	EndGlobalSection
	GlobalSection(ProjectConfigurationPlatforms) = postSolution
		{F1CB3C9E-B4C3-4C94-8CD7-6BA4859454D0}.Debug|Any CPU.ActiveCfg = Debug|Any CPU
		{F1CB3C9E-B4C3-4C94-8CD7-6BA4859454D0}.Debug|Any CPU.Build.0 = Debug|Any CPU
		{F1CB3C9E-B4C3-4C94-8CD7-6BA4859454D0}.Release|Any CPU.ActiveCfg = Release|Any CPU
		{F1CB3C9E-B4C3-4C94-8CD7-6BA4859454D0}.Release|Any CPU.Build.0 = Release|Any CPU
	EndGlobalSection
	GlobalSection(SolutionProperties) = preSolution
		HideSolutionNode = FALSE
	EndGlobalSection
	GlobalSection(ExtensibilityGlobals) = postSolution
		SolutionGuid = {4748ACEB-1A00-4CF8-AE5D-AD8F3B64852A}
	EndGlobalSection
EndGlobal
