
Microsoft Visual Studio Solution File, Format Version 12.00
# Visual Studio Version 16
VisualStudioVersion = 16.0.29519.181
MinimumVisualStudioVersion = 10.0.40219.1
Project("{FAE04EC0-301F-11D3-BF4B-00C04F79EFBC}") = "nGratis.AI.Kvasir.Client", "Kvasir.Client\nGratis.AI.Kvasir.Client.csproj", "{F1CB3C9E-B4C3-4C94-8CD7-6BA4859454D0}"
EndProject
Project("{2150E333-8FDC-42A3-9474-1A3956D46DE8}") = "Build", "Build", "{2C7AE126-FBD3-43C3-B91F-B2034D4EB611}"
	ProjectSection(SolutionItems) = preProject
		..\appveyor.yml = ..\appveyor.yml
		..\azure-pipelines.yml = ..\azure-pipelines.yml
		Kvasir.Shared\GlobalAssemblyInfo.tt = Kvasir.Shared\GlobalAssemblyInfo.tt
		paket.dependencies = paket.dependencies
	EndProjectSection
EndProject
Project("{2150E333-8FDC-42A3-9474-1A3956D46DE8}") = "External", "External", "{FB759C90-3124-49AD-AC55-904FA4DF2F85}"
EndProject
Project("{9A19103F-16F7-4668-BE54-9A1E7A4F7556}") = "nGratis.Cop.Core.Contract", "..\External\cop.core\Source\Core.Contract\nGratis.Cop.Core.Contract.csproj", "{E727CA53-5288-4E7E-828C-011803B0BEDD}"
EndProject
Project("{FAE04EC0-301F-11D3-BF4B-00C04F79EFBC}") = "nGratis.Cop.Core.Wpf", "..\External\cop.core\Source\Core.Wpf\nGratis.Cop.Core.Wpf.csproj", "{199487EB-64E4-4D48-9E9A-3AFDDDADF041}"
EndProject
Project("{FAE04EC0-301F-11D3-BF4B-00C04F79EFBC}") = "nGratis.Cop.Core.Theme", "..\External\cop.core\Source\Core.Theme\nGratis.Cop.Core.Theme.csproj", "{2B8DE19C-BE3D-4516-AECB-01FC709F8ED8}"
EndProject
Project("{FAE04EC0-301F-11D3-BF4B-00C04F79EFBC}") = "nGratis.AI.Kvasir.Core", "Kvasir.Core\nGratis.AI.Kvasir.Core.csproj", "{FF62D347-3230-4454-A43E-FDCC534816B7}"
EndProject
Project("{2150E333-8FDC-42A3-9474-1A3956D46DE8}") = "Test", "Test", "{AE1E95AC-FD1F-404C-88DB-C1A633A580D6}"
EndProject
Project("{FAE04EC0-301F-11D3-BF4B-00C04F79EFBC}") = "nGratis.AI.Kvasir.Core.Test", "Kvasir.Core.Test\nGratis.AI.Kvasir.Core.Test.csproj", "{1C4C675E-CA50-42FA-9EF3-8768FCE45FA1}"
EndProject
Project("{FAE04EC0-301F-11D3-BF4B-00C04F79EFBC}") = "nGratis.Cop.Core.Testing", "..\External\cop.core\Source\Core.Testing\nGratis.Cop.Core.Testing.csproj", "{B199217E-4103-44A9-AFB9-65287A52D06F}"
EndProject
Project("{FAE04EC0-301F-11D3-BF4B-00C04F79EFBC}") = "nGratis.Cop.Core.Vision", "..\External\cop.core\Source\Core.Vision\nGratis.Cop.Core.Vision.csproj", "{5D4FFBFB-372E-4FBB-B7DC-FE3BB5A7E00F}"
EndProject
Project("{FAE04EC0-301F-11D3-BF4B-00C04F79EFBC}") = "nGratis.Cop.Core.Framework", "..\External\cop.core\Source\Core.Framework\nGratis.Cop.Core.Framework.csproj", "{B90C4C38-A600-44BB-840E-2A7D4B46618A}"
EndProject
Project("{9A19103F-16F7-4668-BE54-9A1E7A4F7556}") = "nGratis.AI.Kvasir.Contract", "Kvasir.Contract\nGratis.AI.Kvasir.Contract.csproj", "{C8B0C94C-E057-4583-A582-F6F917215A5C}"
EndProject
Project("{9A19103F-16F7-4668-BE54-9A1E7A4F7556}") = "nGratis.AI.Kvasir.Engine", "Kvasir.Engine\nGratis.AI.Kvasir.Engine.csproj", "{A471742A-AD16-433E-8FB6-D44076A0B8BD}"
EndProject
Project("{FAE04EC0-301F-11D3-BF4B-00C04F79EFBC}") = "nGratis.AI.Kvasir.Engine.Test", "Kvasir.Engine.Test\nGratis.AI.Kvasir.Engine.Test.csproj", "{1ADF5731-EAF8-472E-9C13-3EFDBD71E3B9}"
EndProject
Project("{FAE04EC0-301F-11D3-BF4B-00C04F79EFBC}") = "nGratis.AI.Kvasir.Testing", "Kvasir.Testing\nGratis.AI.Kvasir.Testing.csproj", "{F5F3E028-B88A-497D-B84D-C9571DEDEA5B}"
EndProject
Global
	GlobalSection(SolutionConfigurationPlatforms) = preSolution
		Debug|Any CPU = Debug|Any CPU
		Release|Any CPU = Release|Any CPU
	EndGlobalSection
	GlobalSection(ProjectConfigurationPlatforms) = postSolution
		{F1CB3C9E-B4C3-4C94-8CD7-6BA4859454D0}.Debug|Any CPU.ActiveCfg = Debug|Any CPU
		{F1CB3C9E-B4C3-4C94-8CD7-6BA4859454D0}.Debug|Any CPU.Build.0 = Debug|Any CPU
		{F1CB3C9E-B4C3-4C94-8CD7-6BA4859454D0}.Release|Any CPU.ActiveCfg = Release|Any CPU
		{F1CB3C9E-B4C3-4C94-8CD7-6BA4859454D0}.Release|Any CPU.Build.0 = Release|Any CPU
		{E727CA53-5288-4E7E-828C-011803B0BEDD}.Debug|Any CPU.ActiveCfg = Debug|Any CPU
		{E727CA53-5288-4E7E-828C-011803B0BEDD}.Debug|Any CPU.Build.0 = Debug|Any CPU
		{E727CA53-5288-4E7E-828C-011803B0BEDD}.Release|Any CPU.ActiveCfg = Release|Any CPU
		{E727CA53-5288-4E7E-828C-011803B0BEDD}.Release|Any CPU.Build.0 = Release|Any CPU
		{199487EB-64E4-4D48-9E9A-3AFDDDADF041}.Debug|Any CPU.ActiveCfg = Debug|Any CPU
		{199487EB-64E4-4D48-9E9A-3AFDDDADF041}.Debug|Any CPU.Build.0 = Debug|Any CPU
		{199487EB-64E4-4D48-9E9A-3AFDDDADF041}.Release|Any CPU.ActiveCfg = Release|Any CPU
		{199487EB-64E4-4D48-9E9A-3AFDDDADF041}.Release|Any CPU.Build.0 = Release|Any CPU
		{2B8DE19C-BE3D-4516-AECB-01FC709F8ED8}.Debug|Any CPU.ActiveCfg = Debug|Any CPU
		{2B8DE19C-BE3D-4516-AECB-01FC709F8ED8}.Debug|Any CPU.Build.0 = Debug|Any CPU
		{2B8DE19C-BE3D-4516-AECB-01FC709F8ED8}.Release|Any CPU.ActiveCfg = Release|Any CPU
		{2B8DE19C-BE3D-4516-AECB-01FC709F8ED8}.Release|Any CPU.Build.0 = Release|Any CPU
		{FF62D347-3230-4454-A43E-FDCC534816B7}.Debug|Any CPU.ActiveCfg = Debug|Any CPU
		{FF62D347-3230-4454-A43E-FDCC534816B7}.Debug|Any CPU.Build.0 = Debug|Any CPU
		{FF62D347-3230-4454-A43E-FDCC534816B7}.Release|Any CPU.ActiveCfg = Release|Any CPU
		{FF62D347-3230-4454-A43E-FDCC534816B7}.Release|Any CPU.Build.0 = Release|Any CPU
		{1C4C675E-CA50-42FA-9EF3-8768FCE45FA1}.Debug|Any CPU.ActiveCfg = Debug|Any CPU
		{1C4C675E-CA50-42FA-9EF3-8768FCE45FA1}.Debug|Any CPU.Build.0 = Debug|Any CPU
		{1C4C675E-CA50-42FA-9EF3-8768FCE45FA1}.Release|Any CPU.ActiveCfg = Release|Any CPU
		{1C4C675E-CA50-42FA-9EF3-8768FCE45FA1}.Release|Any CPU.Build.0 = Release|Any CPU
		{B199217E-4103-44A9-AFB9-65287A52D06F}.Debug|Any CPU.ActiveCfg = Debug|Any CPU
		{B199217E-4103-44A9-AFB9-65287A52D06F}.Debug|Any CPU.Build.0 = Debug|Any CPU
		{B199217E-4103-44A9-AFB9-65287A52D06F}.Release|Any CPU.ActiveCfg = Release|Any CPU
		{B199217E-4103-44A9-AFB9-65287A52D06F}.Release|Any CPU.Build.0 = Release|Any CPU
		{5D4FFBFB-372E-4FBB-B7DC-FE3BB5A7E00F}.Debug|Any CPU.ActiveCfg = Debug|Any CPU
		{5D4FFBFB-372E-4FBB-B7DC-FE3BB5A7E00F}.Debug|Any CPU.Build.0 = Debug|Any CPU
		{5D4FFBFB-372E-4FBB-B7DC-FE3BB5A7E00F}.Release|Any CPU.ActiveCfg = Release|Any CPU
		{5D4FFBFB-372E-4FBB-B7DC-FE3BB5A7E00F}.Release|Any CPU.Build.0 = Release|Any CPU
		{B90C4C38-A600-44BB-840E-2A7D4B46618A}.Debug|Any CPU.ActiveCfg = Debug|Any CPU
		{B90C4C38-A600-44BB-840E-2A7D4B46618A}.Debug|Any CPU.Build.0 = Debug|Any CPU
		{B90C4C38-A600-44BB-840E-2A7D4B46618A}.Release|Any CPU.ActiveCfg = Release|Any CPU
		{B90C4C38-A600-44BB-840E-2A7D4B46618A}.Release|Any CPU.Build.0 = Release|Any CPU
		{C8B0C94C-E057-4583-A582-F6F917215A5C}.Debug|Any CPU.ActiveCfg = Debug|Any CPU
		{C8B0C94C-E057-4583-A582-F6F917215A5C}.Debug|Any CPU.Build.0 = Debug|Any CPU
		{C8B0C94C-E057-4583-A582-F6F917215A5C}.Release|Any CPU.ActiveCfg = Release|Any CPU
		{C8B0C94C-E057-4583-A582-F6F917215A5C}.Release|Any CPU.Build.0 = Release|Any CPU
		{A471742A-AD16-433E-8FB6-D44076A0B8BD}.Debug|Any CPU.ActiveCfg = Debug|Any CPU
		{A471742A-AD16-433E-8FB6-D44076A0B8BD}.Debug|Any CPU.Build.0 = Debug|Any CPU
		{A471742A-AD16-433E-8FB6-D44076A0B8BD}.Release|Any CPU.ActiveCfg = Release|Any CPU
		{A471742A-AD16-433E-8FB6-D44076A0B8BD}.Release|Any CPU.Build.0 = Release|Any CPU
		{1ADF5731-EAF8-472E-9C13-3EFDBD71E3B9}.Debug|Any CPU.ActiveCfg = Debug|Any CPU
		{1ADF5731-EAF8-472E-9C13-3EFDBD71E3B9}.Debug|Any CPU.Build.0 = Debug|Any CPU
		{1ADF5731-EAF8-472E-9C13-3EFDBD71E3B9}.Release|Any CPU.ActiveCfg = Release|Any CPU
		{1ADF5731-EAF8-472E-9C13-3EFDBD71E3B9}.Release|Any CPU.Build.0 = Release|Any CPU
		{F5F3E028-B88A-497D-B84D-C9571DEDEA5B}.Debug|Any CPU.ActiveCfg = Debug|Any CPU
		{F5F3E028-B88A-497D-B84D-C9571DEDEA5B}.Debug|Any CPU.Build.0 = Debug|Any CPU
		{F5F3E028-B88A-497D-B84D-C9571DEDEA5B}.Release|Any CPU.ActiveCfg = Release|Any CPU
		{F5F3E028-B88A-497D-B84D-C9571DEDEA5B}.Release|Any CPU.Build.0 = Release|Any CPU
	EndGlobalSection
	GlobalSection(SolutionProperties) = preSolution
		HideSolutionNode = FALSE
	EndGlobalSection
	GlobalSection(NestedProjects) = preSolution
		{E727CA53-5288-4E7E-828C-011803B0BEDD} = {FB759C90-3124-49AD-AC55-904FA4DF2F85}
		{199487EB-64E4-4D48-9E9A-3AFDDDADF041} = {FB759C90-3124-49AD-AC55-904FA4DF2F85}
		{2B8DE19C-BE3D-4516-AECB-01FC709F8ED8} = {FB759C90-3124-49AD-AC55-904FA4DF2F85}
		{1C4C675E-CA50-42FA-9EF3-8768FCE45FA1} = {AE1E95AC-FD1F-404C-88DB-C1A633A580D6}
		{B199217E-4103-44A9-AFB9-65287A52D06F} = {FB759C90-3124-49AD-AC55-904FA4DF2F85}
		{5D4FFBFB-372E-4FBB-B7DC-FE3BB5A7E00F} = {FB759C90-3124-49AD-AC55-904FA4DF2F85}
		{B90C4C38-A600-44BB-840E-2A7D4B46618A} = {FB759C90-3124-49AD-AC55-904FA4DF2F85}
		{1ADF5731-EAF8-472E-9C13-3EFDBD71E3B9} = {AE1E95AC-FD1F-404C-88DB-C1A633A580D6}
		{F5F3E028-B88A-497D-B84D-C9571DEDEA5B} = {AE1E95AC-FD1F-404C-88DB-C1A633A580D6}
	EndGlobalSection
	GlobalSection(ExtensibilityGlobals) = postSolution
		SolutionGuid = {4748ACEB-1A00-4CF8-AE5D-AD8F3B64852A}
	EndGlobalSection
EndGlobal
