Microsoft Visual Studio Solution File, Format Version 12.00
# Visual Studio Version 17
VisualStudioVersion = 17.0.31912.275
MinimumVisualStudioVersion = 10.0.40219.1
Project("{9A19103F-16F7-4668-BE54-9A1E7A4F7556}") = "nGratis.AI.Kvasir.Client", "Kvasir.Client\nGratis.AI.Kvasir.Client.csproj", "{CB2DE919-7E95-4A3E-908C-0EFB5AC131CD}"
EndProject
Project("{9A19103F-16F7-4668-BE54-9A1E7A4F7556}") = "nGratis.AI.Kvasir.Console", "Kvasir.Console\nGratis.AI.Kvasir.Console.csproj", "{98248480-FEC1-4614-B14C-79F6D936CD85}"
EndProject
Project("{2150E333-8FDC-42A3-9474-1A3956D46DE8}") = "Build", "Build", "{2C7AE126-FBD3-43C3-B91F-B2034D4EB611}"
	ProjectSection(SolutionItems) = preProject
		..\azure-pipelines.yml = ..\azure-pipelines.yml
		Kvasir.Shared\GlobalAssemblyInfo.tt = Kvasir.Shared\GlobalAssemblyInfo.tt
		Kvasir.Shared\nGratis.AI.Kvasir.Production.targets = Kvasir.Shared\nGratis.AI.Kvasir.Production.targets
		Kvasir.Shared\nGratis.AI.Kvasir.Testing.targets = Kvasir.Shared\nGratis.AI.Kvasir.Testing.targets
		paket.dependencies = paket.dependencies
	EndProjectSection
EndProject
Project("{2150E333-8FDC-42A3-9474-1A3956D46DE8}") = "External", "External", "{FB759C90-3124-49AD-AC55-904FA4DF2F85}"
EndProject
Project("{9A19103F-16F7-4668-BE54-9A1E7A4F7556}") = "nGratis.Cop.Olympus.Contract", "..\External\cop.olympus\Source\Olympus.Contract\nGratis.Cop.Olympus.Contract.csproj", "{E727CA53-5288-4E7E-828C-011803B0BEDD}"
EndProject
Project("{9A19103F-16F7-4668-BE54-9A1E7A4F7556}") = "nGratis.Cop.Olympus.Wpf", "..\External\cop.olympus\Source\Olympus.Wpf\nGratis.Cop.Olympus.Wpf.csproj", "{199487EB-64E4-4D48-9E9A-3AFDDDADF041}"
EndProject
Project("{9A19103F-16F7-4668-BE54-9A1E7A4F7556}") = "nGratis.Cop.Olympus.Wpf.Glue", "..\External\cop.olympus\Source\Olympus.Wpf.Glue\nGratis.Cop.Olympus.Wpf.Glue.csproj", "{56449032-076D-4889-BDE1-4D2C8AA442F8}"
EndProject
Project("{9A19103F-16F7-4668-BE54-9A1E7A4F7556}") = "nGratis.Cop.Olympus.Wpf.Theme", "..\External\cop.olympus\Source\Olympus.Wpf.Theme\nGratis.Cop.Olympus.Wpf.Theme.csproj", "{2B8DE19C-BE3D-4516-AECB-01FC709F8ED8}"
EndProject
Project("{2150E333-8FDC-42A3-9474-1A3956D46DE8}") = "Test", "Test", "{AE1E95AC-FD1F-404C-88DB-C1A633A580D6}"
EndProject
Project("{9A19103F-16F7-4668-BE54-9A1E7A4F7556}") = "nGratis.Cop.Olympus.Framework", "..\External\cop.olympus\Source\Olympus.Framework\nGratis.Cop.Olympus.Framework.csproj", "{B90C4C38-A600-44BB-840E-2A7D4B46618A}"
EndProject
Project("{9A19103F-16F7-4668-BE54-9A1E7A4F7556}") = "nGratis.AI.Kvasir.Contract", "Kvasir.Contract\nGratis.AI.Kvasir.Contract.csproj", "{C8B0C94C-E057-4583-A582-F6F917215A5C}"
EndProject
Project("{9A19103F-16F7-4668-BE54-9A1E7A4F7556}") = "nGratis.AI.Kvasir.Engine", "Kvasir.Engine\nGratis.AI.Kvasir.Engine.csproj", "{A471742A-AD16-433E-8FB6-D44076A0B8BD}"
EndProject
Project("{9A19103F-16F7-4668-BE54-9A1E7A4F7556}") = "nGratis.Cop.Olympus.Framework.QualityAssurance", "..\External\cop.olympus\Source\Olympus.Framework.QualityAssurance\nGratis.Cop.Olympus.Framework.QualityAssurance.csproj", "{ECC17F00-D6F9-4FAD-AFCE-E6967D48F0AC}"
EndProject
Project("{9A19103F-16F7-4668-BE54-9A1E7A4F7556}") = "nGratis.AI.Kvasir.Core", "Kvasir.Core\nGratis.AI.Kvasir.Core.csproj", "{5E54785F-703F-45FE-94A8-74B888246056}"
EndProject
Project("{9A19103F-16F7-4668-BE54-9A1E7A4F7556}") = "nGratis.AI.Kvasir.Framework.QualityAssurance", "Kvasir.Framework.QualityAssurance\nGratis.AI.Kvasir.Framework.QualityAssurance.csproj", "{15853860-A77D-40CF-A49F-B81BAEACFCE5}"
EndProject
Project("{9A19103F-16F7-4668-BE54-9A1E7A4F7556}") = "nGratis.AI.Kvasir.Core.UnitTest", "Kvasir.Core.UnitTest\nGratis.AI.Kvasir.Core.UnitTest.csproj", "{383C293F-5969-4B94-87F7-72A68568BCFB}"
EndProject
Project("{9A19103F-16F7-4668-BE54-9A1E7A4F7556}") = "nGratis.AI.Kvasir.Engine.UnitTest", "Kvasir.Engine.UnitTest\nGratis.AI.Kvasir.Engine.UnitTest.csproj", "{362628FA-8DD8-4699-818C-94B952CED1E7}"
EndProject
Project("{9A19103F-16F7-4668-BE54-9A1E7A4F7556}") = "nGratis.AI.Kvasir.IntegrationTest", "Kvasir.IntegrationTest\nGratis.AI.Kvasir.IntegrationTest.csproj", "{C118B2B0-69E7-4B6C-9611-49EC5C43311A}"
EndProject
Project("{9A19103F-16F7-4668-BE54-9A1E7A4F7556}") = "nGratis.AI.Kvasir.AcceptanceTest", "Kvasir.AcceptanceTest\nGratis.AI.Kvasir.AcceptanceTest.csproj", "{1257B76C-9124-4D02-891B-F68DCBAC1E03}"
EndProject
Global
	GlobalSection(SolutionConfigurationPlatforms) = preSolution
		Debug|Any CPU = Debug|Any CPU
		Release|Any CPU = Release|Any CPU
	EndGlobalSection
	GlobalSection(ProjectConfigurationPlatforms) = postSolution
		{CB2DE919-7E95-4A3E-908C-0EFB5AC131CD}.Debug|Any CPU.ActiveCfg = Debug|Any CPU
		{CB2DE919-7E95-4A3E-908C-0EFB5AC131CD}.Debug|Any CPU.Build.0 = Debug|Any CPU
		{CB2DE919-7E95-4A3E-908C-0EFB5AC131CD}.Release|Any CPU.ActiveCfg = Release|Any CPU
		{CB2DE919-7E95-4A3E-908C-0EFB5AC131CD}.Release|Any CPU.Build.0 = Release|Any CPU
		{98248480-FEC1-4614-B14C-79F6D936CD85}.Debug|Any CPU.ActiveCfg = Debug|Any CPU
		{98248480-FEC1-4614-B14C-79F6D936CD85}.Debug|Any CPU.Build.0 = Debug|Any CPU
		{98248480-FEC1-4614-B14C-79F6D936CD85}.Release|Any CPU.ActiveCfg = Release|Any CPU
		{98248480-FEC1-4614-B14C-79F6D936CD85}.Release|Any CPU.Build.0 = Release|Any CPU
		{E727CA53-5288-4E7E-828C-011803B0BEDD}.Debug|Any CPU.ActiveCfg = Debug|Any CPU
		{E727CA53-5288-4E7E-828C-011803B0BEDD}.Debug|Any CPU.Build.0 = Debug|Any CPU
		{E727CA53-5288-4E7E-828C-011803B0BEDD}.Release|Any CPU.ActiveCfg = Release|Any CPU
		{E727CA53-5288-4E7E-828C-011803B0BEDD}.Release|Any CPU.Build.0 = Release|Any CPU
		{199487EB-64E4-4D48-9E9A-3AFDDDADF041}.Debug|Any CPU.ActiveCfg = Debug|Any CPU
		{199487EB-64E4-4D48-9E9A-3AFDDDADF041}.Debug|Any CPU.Build.0 = Debug|Any CPU
		{199487EB-64E4-4D48-9E9A-3AFDDDADF041}.Release|Any CPU.ActiveCfg = Release|Any CPU
		{199487EB-64E4-4D48-9E9A-3AFDDDADF041}.Release|Any CPU.Build.0 = Release|Any CPU
		{56449032-076D-4889-BDE1-4D2C8AA442F8}.Debug|Any CPU.ActiveCfg = Debug|Any CPU
		{56449032-076D-4889-BDE1-4D2C8AA442F8}.Debug|Any CPU.Build.0 = Debug|Any CPU
		{56449032-076D-4889-BDE1-4D2C8AA442F8}.Release|Any CPU.ActiveCfg = Release|Any CPU
		{56449032-076D-4889-BDE1-4D2C8AA442F8}.Release|Any CPU.Build.0 = Release|Any CPU
		{2B8DE19C-BE3D-4516-AECB-01FC709F8ED8}.Debug|Any CPU.ActiveCfg = Debug|Any CPU
		{2B8DE19C-BE3D-4516-AECB-01FC709F8ED8}.Debug|Any CPU.Build.0 = Debug|Any CPU
		{2B8DE19C-BE3D-4516-AECB-01FC709F8ED8}.Release|Any CPU.ActiveCfg = Release|Any CPU
		{2B8DE19C-BE3D-4516-AECB-01FC709F8ED8}.Release|Any CPU.Build.0 = Release|Any CPU
		{B90C4C38-A600-44BB-840E-2A7D4B46618A}.Debug|Any CPU.ActiveCfg = Debug|Any CPU
		{B90C4C38-A600-44BB-840E-2A7D4B46618A}.Debug|Any CPU.Build.0 = Debug|Any CPU
		{B90C4C38-A600-44BB-840E-2A7D4B46618A}.Release|Any CPU.ActiveCfg = Release|Any CPU
		{B90C4C38-A600-44BB-840E-2A7D4B46618A}.Release|Any CPU.Build.0 = Release|Any CPU
		{C8B0C94C-E057-4583-A582-F6F917215A5C}.Debug|Any CPU.ActiveCfg = Debug|Any CPU
		{C8B0C94C-E057-4583-A582-F6F917215A5C}.Debug|Any CPU.Build.0 = Debug|Any CPU
		{C8B0C94C-E057-4583-A582-F6F917215A5C}.Release|Any CPU.ActiveCfg = Release|Any CPU
		{C8B0C94C-E057-4583-A582-F6F917215A5C}.Release|Any CPU.Build.0 = Release|Any CPU
		{A471742A-AD16-433E-8FB6-D44076A0B8BD}.Debug|Any CPU.ActiveCfg = Debug|Any CPU
		{A471742A-AD16-433E-8FB6-D44076A0B8BD}.Debug|Any CPU.Build.0 = Debug|Any CPU
		{A471742A-AD16-433E-8FB6-D44076A0B8BD}.Release|Any CPU.ActiveCfg = Release|Any CPU
		{A471742A-AD16-433E-8FB6-D44076A0B8BD}.Release|Any CPU.Build.0 = Release|Any CPU
		{ECC17F00-D6F9-4FAD-AFCE-E6967D48F0AC}.Debug|Any CPU.ActiveCfg = Debug|Any CPU
		{ECC17F00-D6F9-4FAD-AFCE-E6967D48F0AC}.Debug|Any CPU.Build.0 = Debug|Any CPU
		{ECC17F00-D6F9-4FAD-AFCE-E6967D48F0AC}.Release|Any CPU.ActiveCfg = Release|Any CPU
		{ECC17F00-D6F9-4FAD-AFCE-E6967D48F0AC}.Release|Any CPU.Build.0 = Release|Any CPU
		{5E54785F-703F-45FE-94A8-74B888246056}.Debug|Any CPU.ActiveCfg = Debug|Any CPU
		{5E54785F-703F-45FE-94A8-74B888246056}.Debug|Any CPU.Build.0 = Debug|Any CPU
		{5E54785F-703F-45FE-94A8-74B888246056}.Release|Any CPU.ActiveCfg = Release|Any CPU
		{5E54785F-703F-45FE-94A8-74B888246056}.Release|Any CPU.Build.0 = Release|Any CPU
		{15853860-A77D-40CF-A49F-B81BAEACFCE5}.Debug|Any CPU.ActiveCfg = Debug|Any CPU
		{15853860-A77D-40CF-A49F-B81BAEACFCE5}.Debug|Any CPU.Build.0 = Debug|Any CPU
		{15853860-A77D-40CF-A49F-B81BAEACFCE5}.Release|Any CPU.ActiveCfg = Release|Any CPU
		{15853860-A77D-40CF-A49F-B81BAEACFCE5}.Release|Any CPU.Build.0 = Release|Any CPU
		{383C293F-5969-4B94-87F7-72A68568BCFB}.Debug|Any CPU.ActiveCfg = Debug|Any CPU
		{383C293F-5969-4B94-87F7-72A68568BCFB}.Debug|Any CPU.Build.0 = Debug|Any CPU
		{383C293F-5969-4B94-87F7-72A68568BCFB}.Release|Any CPU.ActiveCfg = Release|Any CPU
		{383C293F-5969-4B94-87F7-72A68568BCFB}.Release|Any CPU.Build.0 = Release|Any CPU
		{362628FA-8DD8-4699-818C-94B952CED1E7}.Debug|Any CPU.ActiveCfg = Debug|Any CPU
		{362628FA-8DD8-4699-818C-94B952CED1E7}.Debug|Any CPU.Build.0 = Debug|Any CPU
		{362628FA-8DD8-4699-818C-94B952CED1E7}.Release|Any CPU.ActiveCfg = Release|Any CPU
		{362628FA-8DD8-4699-818C-94B952CED1E7}.Release|Any CPU.Build.0 = Release|Any CPU
		{C118B2B0-69E7-4B6C-9611-49EC5C43311A}.Debug|Any CPU.ActiveCfg = Debug|Any CPU
		{C118B2B0-69E7-4B6C-9611-49EC5C43311A}.Debug|Any CPU.Build.0 = Debug|Any CPU
		{C118B2B0-69E7-4B6C-9611-49EC5C43311A}.Release|Any CPU.ActiveCfg = Release|Any CPU
		{C118B2B0-69E7-4B6C-9611-49EC5C43311A}.Release|Any CPU.Build.0 = Release|Any CPU
		{1257B76C-9124-4D02-891B-F68DCBAC1E03}.Debug|Any CPU.ActiveCfg = Debug|Any CPU
		{1257B76C-9124-4D02-891B-F68DCBAC1E03}.Debug|Any CPU.Build.0 = Debug|Any CPU
		{1257B76C-9124-4D02-891B-F68DCBAC1E03}.Release|Any CPU.ActiveCfg = Release|Any CPU
		{1257B76C-9124-4D02-891B-F68DCBAC1E03}.Release|Any CPU.Build.0 = Release|Any CPU
	EndGlobalSection
	GlobalSection(SolutionProperties) = preSolution
		HideSolutionNode = FALSE
	EndGlobalSection
	GlobalSection(NestedProjects) = preSolution
		{E727CA53-5288-4E7E-828C-011803B0BEDD} = {FB759C90-3124-49AD-AC55-904FA4DF2F85}
		{199487EB-64E4-4D48-9E9A-3AFDDDADF041} = {FB759C90-3124-49AD-AC55-904FA4DF2F85}
		{56449032-076D-4889-BDE1-4D2C8AA442F8} = {FB759C90-3124-49AD-AC55-904FA4DF2F85}
		{2B8DE19C-BE3D-4516-AECB-01FC709F8ED8} = {FB759C90-3124-49AD-AC55-904FA4DF2F85}
		{B90C4C38-A600-44BB-840E-2A7D4B46618A} = {FB759C90-3124-49AD-AC55-904FA4DF2F85}
		{ECC17F00-D6F9-4FAD-AFCE-E6967D48F0AC} = {FB759C90-3124-49AD-AC55-904FA4DF2F85}
		{15853860-A77D-40CF-A49F-B81BAEACFCE5} = {AE1E95AC-FD1F-404C-88DB-C1A633A580D6}
		{383C293F-5969-4B94-87F7-72A68568BCFB} = {AE1E95AC-FD1F-404C-88DB-C1A633A580D6}
		{362628FA-8DD8-4699-818C-94B952CED1E7} = {AE1E95AC-FD1F-404C-88DB-C1A633A580D6}
		{C118B2B0-69E7-4B6C-9611-49EC5C43311A} = {AE1E95AC-FD1F-404C-88DB-C1A633A580D6}
		{1257B76C-9124-4D02-891B-F68DCBAC1E03} = {AE1E95AC-FD1F-404C-88DB-C1A633A580D6}
	EndGlobalSection
	GlobalSection(ExtensibilityGlobals) = postSolution
		SolutionGuid = {4748ACEB-1A00-4CF8-AE5D-AD8F3B64852A}
	EndGlobalSection
EndGlobal
